<?xml version="1.0" encoding="utf-8"?>
<Project ToolsVersion="4.0" xmlns="http://schemas.microsoft.com/developer/msbuild/2003">
  <ItemGroup>
    <Filter Include="Headers">
      <UniqueIdentifier>{8c651f94-04a2-4bc2-9e7c-0ce7f4df2b38}</UniqueIdentifier>
    </Filter>
    <Filter Include="SDK">
      <UniqueIdentifier>{ecf6d453-f188-4ec1-89e5-ce0e9e9a73c9}</UniqueIdentifier>
    </Filter>
    <Filter Include="Headers\Functions">
      <UniqueIdentifier>{3c69fdb3-fd73-41bc-b474-a1b9e43ee3a9}</UniqueIdentifier>
    </Filter>
    <Filter Include="Headers\Globals">
      <UniqueIdentifier>{41f624be-5bc4-422b-857c-1c18267b6246}</UniqueIdentifier>
    </Filter>
  </ItemGroup>
  <ItemGroup>
    <ClCompile Include="dllmain.cpp" />
    <ClCompile Include="SDK\Basic.cpp">
      <Filter>SDK</Filter>
    </ClCompile>
    <ClCompile Include="SDK\Engine_functions.cpp">
      <Filter>SDK</Filter>
    </ClCompile>
    <ClCompile Include="SDK\FortniteGame_functions.cpp">
      <Filter>SDK</Filter>
    </ClCompile>
    <ClCompile Include="SDK\CoreUObject_functions.cpp">
      <Filter>SDK</Filter>
    </ClCompile>
    <ClCompile Include="SDK\GameplayAbilities_functions.cpp">
      <Filter>SDK</Filter>
    </ClCompile>
    <ClCompile Include="SDK\FortniteUI_functions.cpp">
      <Filter>SDK</Filter>
    </ClCompile>
    <ClCompile Include="SDK\OnlineSubsystemUtils_functions.cpp">
      <Filter>SDK</Filter>
    </ClCompile>
    <ClCompile Include="SDK\NavigationSystem_functions.cpp">
      <Filter>SDK</Filter>
    </ClCompile>
    <ClCompile Include="SDK\AthenaFunctionLibrary_functions.cpp">
      <Filter>SDK</Filter>
    </ClCompile>
    <ClCompile Include="SDK\CommonConversationRuntime_functions.cpp">
      <Filter>SDK</Filter>
    </ClCompile>
  </ItemGroup>
  <ItemGroup>
    <ClInclude Include="util.h" />
    <ClInclude Include="Hooks.h">
      <Filter>Headers</Filter>
    </ClInclude>
    <ClInclude Include="InitFunc.h">
      <Filter>Headers</Filter>
    </ClInclude>
    <ClInclude Include="SDK.hpp">
      <Filter>SDK</Filter>
    </ClInclude>
    <ClInclude Include="Globals.h" />
    <ClInclude Include="MinHook.h" />
    <ClInclude Include="Patterns.h" />
    <ClInclude Include="UnrealContainers.hpp">
      <Filter>SDK</Filter>
    </ClInclude>
    <ClInclude Include="Functions\Beacon.h">
      <Filter>Headers\Functions</Filter>
    </ClInclude>
    <ClInclude Include="Globals\GameMode.h">
      <Filter>Headers\Globals</Filter>
    </ClInclude>
    <ClInclude Include="Globals\PlayerController.h">
      <Filter>Headers\Globals</Filter>
    </ClInclude>
    <ClInclude Include="Functions\Abilities.h">
      <Filter>Headers\Functions</Filter>
    </ClInclude>
    <ClInclude Include="Globals\Pawn.h">
      <Filter>Headers\Globals</Filter>
    </ClInclude>
    <ClInclude Include="Globals\BuildingActor.h">
      <Filter>Headers\Globals</Filter>
    </ClInclude>
    <ClInclude Include="Functions\Functions.h">
      <Filter>Headers\Functions</Filter>
    </ClInclude>
    <ClInclude Include="Functions\Loots.h">
      <Filter>Headers\Functions</Filter>
    </ClInclude>
    <ClInclude Include="Globals\FortKismetLibrary.h">
      <Filter>Headers\Globals</Filter>
    </ClInclude>
    <ClInclude Include="Functions\Cheats.h">
      <Filter>Headers\Functions</Filter>
    </ClInclude>
    <ClInclude Include="Globals\FortAthenaSupplyDrop.h">
      <Filter>Headers\Globals</Filter>
    </ClInclude>
    <ClInclude Include="Functions\NewInventory.h">
      <Filter>Headers\Functions</Filter>
    </ClInclude>
    <ClInclude Include="Globals\Pickup.h">
      <Filter>Headers\Globals</Filter>
    </ClInclude>
    <ClInclude Include="Globals\DecoTool.h">
      <Filter>Headers\Globals</Filter>
    </ClInclude>
    <ClInclude Include="Functions\Navigation.h">
      <Filter>Headers\Functions</Filter>
    </ClInclude>
    <ClInclude Include="Globals\AthenaMarkerComponent.h">
      <Filter>Headers\Globals</Filter>
    </ClInclude>
    <ClInclude Include="Offsets.h">
      <Filter>Headers</Filter>
    </ClInclude>
  </ItemGroup>
  <ItemGroup>
    <None Include="packages.config" />
  </ItemGroup>
</Project>